// !$*UTF8*$!
{
	archiveVersion = 1;
	classes = {
	};
	objectVersion = 46;
	objects = {

/* Begin PBXBuildFile section */
		6C3BF90119ED763D00EA8D33 /* RecordTableViewCell.swift in Sources */ = {isa = PBXBuildFile; fileRef = 6C3BF90019ED763D00EA8D33 /* RecordTableViewCell.swift */; };
		6C3BF90319ED770F00EA8D33 /* RecordUITableViewController.swift in Sources */ = {isa = PBXBuildFile; fileRef = 6C3BF90219ED770F00EA8D33 /* RecordUITableViewController.swift */; };
		6C3BF90519ED838C00EA8D33 /* RecordItemViewController.swift in Sources */ = {isa = PBXBuildFile; fileRef = 6C3BF90419ED838C00EA8D33 /* RecordItemViewController.swift */; };
		6C3BF90719ED86EE00EA8D33 /* RecordAlbumTableViewCell.swift in Sources */ = {isa = PBXBuildFile; fileRef = 6C3BF90619ED86EE00EA8D33 /* RecordAlbumTableViewCell.swift */; };
		6C70320E1A2145D80086FC3D /* bookThumbDefault.jpg in Resources */ = {isa = PBXBuildFile; fileRef = 6C70320D1A2145D80086FC3D /* bookThumbDefault.jpg */; };
		6C7032141A2146960086FC3D /* Bolts.framework in Frameworks */ = {isa = PBXBuildFile; fileRef = 6C7032101A2146960086FC3D /* Bolts.framework */; };
		6C7032151A2146960086FC3D /* Parse.framework in Frameworks */ = {isa = PBXBuildFile; fileRef = 6C7032111A2146960086FC3D /* Parse.framework */; };
		6C7032161A2146960086FC3D /* ParseFacebookUtils.framework in Frameworks */ = {isa = PBXBuildFile; fileRef = 6C7032121A2146960086FC3D /* ParseFacebookUtils.framework */; };
		6C7032171A2146960086FC3D /* ParseUI.framework in Frameworks */ = {isa = PBXBuildFile; fileRef = 6C7032131A2146960086FC3D /* ParseUI.framework */; };
		6C7032221A2146F60086FC3D /* AudioToolbox.framework in Frameworks */ = {isa = PBXBuildFile; fileRef = 6C7032181A2146F60086FC3D /* AudioToolbox.framework */; };
		6C7032231A2146F60086FC3D /* CFNetwork.framework in Frameworks */ = {isa = PBXBuildFile; fileRef = 6C7032191A2146F60086FC3D /* CFNetwork.framework */; };
		6C7032241A2146F60086FC3D /* CoreGraphics.framework in Frameworks */ = {isa = PBXBuildFile; fileRef = 6C70321A1A2146F60086FC3D /* CoreGraphics.framework */; };
		6C7032251A2146F60086FC3D /* CoreLocation.framework in Frameworks */ = {isa = PBXBuildFile; fileRef = 6C70321B1A2146F60086FC3D /* CoreLocation.framework */; };
		6C7032261A2146F60086FC3D /* libz.dylib in Frameworks */ = {isa = PBXBuildFile; fileRef = 6C70321C1A2146F60086FC3D /* libz.dylib */; };
		6C7032271A2146F60086FC3D /* MobileCoreServices.framework in Frameworks */ = {isa = PBXBuildFile; fileRef = 6C70321D1A2146F60086FC3D /* MobileCoreServices.framework */; };
		6C7032281A2146F60086FC3D /* QuartzCore.framework in Frameworks */ = {isa = PBXBuildFile; fileRef = 6C70321E1A2146F60086FC3D /* QuartzCore.framework */; };
		6C7032291A2146F60086FC3D /* Security.framework in Frameworks */ = {isa = PBXBuildFile; fileRef = 6C70321F1A2146F60086FC3D /* Security.framework */; };
		6C70322A1A2146F60086FC3D /* StoreKit.framework in Frameworks */ = {isa = PBXBuildFile; fileRef = 6C7032201A2146F60086FC3D /* StoreKit.framework */; };
		6C70322B1A2146F60086FC3D /* SystemConfiguration.framework in Frameworks */ = {isa = PBXBuildFile; fileRef = 6C7032211A2146F60086FC3D /* SystemConfiguration.framework */; };
		6C713B1919ECB41000A4FF6C /* AppDelegate.swift in Sources */ = {isa = PBXBuildFile; fileRef = 6C713B1819ECB41000A4FF6C /* AppDelegate.swift */; };
		6C713B2019ECB41000A4FF6C /* Main.storyboard in Resources */ = {isa = PBXBuildFile; fileRef = 6C713B1E19ECB41000A4FF6C /* Main.storyboard */; };
		6C713B2219ECB41000A4FF6C /* Images.xcassets in Resources */ = {isa = PBXBuildFile; fileRef = 6C713B2119ECB41000A4FF6C /* Images.xcassets */; };
		6C713B2519ECB41000A4FF6C /* LaunchScreen.xib in Resources */ = {isa = PBXBuildFile; fileRef = 6C713B2319ECB41000A4FF6C /* LaunchScreen.xib */; };
		6C713B3119ECB41000A4FF6C /* ReDrawBook2Tests.swift in Sources */ = {isa = PBXBuildFile; fileRef = 6C713B3019ECB41000A4FF6C /* ReDrawBook2Tests.swift */; };
		6C713B3B19ECB5E600A4FF6C /* PlayTableViewCell.swift in Sources */ = {isa = PBXBuildFile; fileRef = 6C713B3A19ECB5E600A4FF6C /* PlayTableViewCell.swift */; };
		6C713B3F19ECB73B00A4FF6C /* PlayUITableViewController.swift in Sources */ = {isa = PBXBuildFile; fileRef = 6C713B3E19ECB73B00A4FF6C /* PlayUITableViewController.swift */; };
		6C713B4119ECC3C900A4FF6C /* ItunesAPIController.swift in Sources */ = {isa = PBXBuildFile; fileRef = 6C713B4019ECC3C900A4FF6C /* ItunesAPIController.swift */; };
		6C713B4319ECD25100A4FF6C /* AlbumInfo.swift in Sources */ = {isa = PBXBuildFile; fileRef = 6C713B4219ECD25100A4FF6C /* AlbumInfo.swift */; };
		6C713B4519ECD89600A4FF6C /* PlayItemViewController.swift in Sources */ = {isa = PBXBuildFile; fileRef = 6C713B4419ECD89600A4FF6C /* PlayItemViewController.swift */; };
		6C713B4719ECE5D800A4FF6C /* AlbumTrack.swift in Sources */ = {isa = PBXBuildFile; fileRef = 6C713B4619ECE5D800A4FF6C /* AlbumTrack.swift */; };
		6CBC8F4419EDB3F400ED0C78 /* button-play.png in Resources */ = {isa = PBXBuildFile; fileRef = 6CBC8F4219EDB3F400ED0C78 /* button-play.png */; };
		6CBC8F4519EDB3F400ED0C78 /* button-record.png in Resources */ = {isa = PBXBuildFile; fileRef = 6CBC8F4319EDB3F400ED0C78 /* button-record.png */; };
		6CE8E7F51A21B70D0096AB65 /* BookInfo.swift in Sources */ = {isa = PBXBuildFile; fileRef = 6CE8E7F41A21B70D0096AB65 /* BookInfo.swift */; };
/* End PBXBuildFile section */

/* Begin PBXContainerItemProxy section */
		6C713B2B19ECB41000A4FF6C /* PBXContainerItemProxy */ = {
			isa = PBXContainerItemProxy;
			containerPortal = 6C713B0B19ECB41000A4FF6C /* Project object */;
			proxyType = 1;
			remoteGlobalIDString = 6C713B1219ECB41000A4FF6C;
			remoteInfo = ReDrawBook2;
		};
/* End PBXContainerItemProxy section */

/* Begin PBXFileReference section */
		6C3BF90019ED763D00EA8D33 /* RecordTableViewCell.swift */ = {isa = PBXFileReference; fileEncoding = 4; lastKnownFileType = sourcecode.swift; path = RecordTableViewCell.swift; sourceTree = "<group>"; };
		6C3BF90219ED770F00EA8D33 /* RecordUITableViewController.swift */ = {isa = PBXFileReference; fileEncoding = 4; lastKnownFileType = sourcecode.swift; path = RecordUITableViewController.swift; sourceTree = "<group>"; };
		6C3BF90419ED838C00EA8D33 /* RecordItemViewController.swift */ = {isa = PBXFileReference; fileEncoding = 4; lastKnownFileType = sourcecode.swift; path = RecordItemViewController.swift; sourceTree = "<group>"; };
		6C3BF90619ED86EE00EA8D33 /* RecordAlbumTableViewCell.swift */ = {isa = PBXFileReference; fileEncoding = 4; lastKnownFileType = sourcecode.swift; path = RecordAlbumTableViewCell.swift; sourceTree = "<group>"; };
		6C70320D1A2145D80086FC3D /* bookThumbDefault.jpg */ = {isa = PBXFileReference; lastKnownFileType = image.jpeg; path = bookThumbDefault.jpg; sourceTree = "<group>"; };
		6C7032101A2146960086FC3D /* Bolts.framework */ = {isa = PBXFileReference; lastKnownFileType = wrapper.framework; path = Bolts.framework; sourceTree = "<group>"; };
		6C7032111A2146960086FC3D /* Parse.framework */ = {isa = PBXFileReference; lastKnownFileType = wrapper.framework; path = Parse.framework; sourceTree = "<group>"; };
		6C7032121A2146960086FC3D /* ParseFacebookUtils.framework */ = {isa = PBXFileReference; lastKnownFileType = wrapper.framework; path = ParseFacebookUtils.framework; sourceTree = "<group>"; };
		6C7032131A2146960086FC3D /* ParseUI.framework */ = {isa = PBXFileReference; lastKnownFileType = wrapper.framework; path = ParseUI.framework; sourceTree = "<group>"; };
		6C7032181A2146F60086FC3D /* AudioToolbox.framework */ = {isa = PBXFileReference; lastKnownFileType = wrapper.framework; name = AudioToolbox.framework; path = System/Library/Frameworks/AudioToolbox.framework; sourceTree = SDKROOT; };
		6C7032191A2146F60086FC3D /* CFNetwork.framework */ = {isa = PBXFileReference; lastKnownFileType = wrapper.framework; name = CFNetwork.framework; path = System/Library/Frameworks/CFNetwork.framework; sourceTree = SDKROOT; };
		6C70321A1A2146F60086FC3D /* CoreGraphics.framework */ = {isa = PBXFileReference; lastKnownFileType = wrapper.framework; name = CoreGraphics.framework; path = System/Library/Frameworks/CoreGraphics.framework; sourceTree = SDKROOT; };
		6C70321B1A2146F60086FC3D /* CoreLocation.framework */ = {isa = PBXFileReference; lastKnownFileType = wrapper.framework; name = CoreLocation.framework; path = System/Library/Frameworks/CoreLocation.framework; sourceTree = SDKROOT; };
		6C70321C1A2146F60086FC3D /* libz.dylib */ = {isa = PBXFileReference; lastKnownFileType = "compiled.mach-o.dylib"; name = libz.dylib; path = usr/lib/libz.dylib; sourceTree = SDKROOT; };
		6C70321D1A2146F60086FC3D /* MobileCoreServices.framework */ = {isa = PBXFileReference; lastKnownFileType = wrapper.framework; name = MobileCoreServices.framework; path = System/Library/Frameworks/MobileCoreServices.framework; sourceTree = SDKROOT; };
		6C70321E1A2146F60086FC3D /* QuartzCore.framework */ = {isa = PBXFileReference; lastKnownFileType = wrapper.framework; name = QuartzCore.framework; path = System/Library/Frameworks/QuartzCore.framework; sourceTree = SDKROOT; };
		6C70321F1A2146F60086FC3D /* Security.framework */ = {isa = PBXFileReference; lastKnownFileType = wrapper.framework; name = Security.framework; path = System/Library/Frameworks/Security.framework; sourceTree = SDKROOT; };
		6C7032201A2146F60086FC3D /* StoreKit.framework */ = {isa = PBXFileReference; lastKnownFileType = wrapper.framework; name = StoreKit.framework; path = System/Library/Frameworks/StoreKit.framework; sourceTree = SDKROOT; };
		6C7032211A2146F60086FC3D /* SystemConfiguration.framework */ = {isa = PBXFileReference; lastKnownFileType = wrapper.framework; name = SystemConfiguration.framework; path = System/Library/Frameworks/SystemConfiguration.framework; sourceTree = SDKROOT; };
		6C70322C1A21470D0086FC3D /* ReDrawBook2-Bridging-Header.h */ = {isa = PBXFileReference; lastKnownFileType = sourcecode.c.h; path = "ReDrawBook2-Bridging-Header.h"; sourceTree = "<group>"; };
		6C713B1319ECB41000A4FF6C /* ReDrawBook2.app */ = {isa = PBXFileReference; explicitFileType = wrapper.application; includeInIndex = 0; path = ReDrawBook2.app; sourceTree = BUILT_PRODUCTS_DIR; };
		6C713B1719ECB41000A4FF6C /* Info.plist */ = {isa = PBXFileReference; lastKnownFileType = text.plist.xml; path = Info.plist; sourceTree = "<group>"; };
		6C713B1819ECB41000A4FF6C /* AppDelegate.swift */ = {isa = PBXFileReference; lastKnownFileType = sourcecode.swift; path = AppDelegate.swift; sourceTree = "<group>"; };
		6C713B1F19ECB41000A4FF6C /* Base */ = {isa = PBXFileReference; lastKnownFileType = file.storyboard; name = Base; path = Base.lproj/Main.storyboard; sourceTree = "<group>"; };
		6C713B2119ECB41000A4FF6C /* Images.xcassets */ = {isa = PBXFileReference; lastKnownFileType = folder.assetcatalog; path = Images.xcassets; sourceTree = "<group>"; };
		6C713B2419ECB41000A4FF6C /* Base */ = {isa = PBXFileReference; lastKnownFileType = file.xib; name = Base; path = Base.lproj/LaunchScreen.xib; sourceTree = "<group>"; };
		6C713B2A19ECB41000A4FF6C /* ReDrawBook2Tests.xctest */ = {isa = PBXFileReference; explicitFileType = wrapper.cfbundle; includeInIndex = 0; path = ReDrawBook2Tests.xctest; sourceTree = BUILT_PRODUCTS_DIR; };
		6C713B2F19ECB41000A4FF6C /* Info.plist */ = {isa = PBXFileReference; lastKnownFileType = text.plist.xml; path = Info.plist; sourceTree = "<group>"; };
		6C713B3019ECB41000A4FF6C /* ReDrawBook2Tests.swift */ = {isa = PBXFileReference; lastKnownFileType = sourcecode.swift; path = ReDrawBook2Tests.swift; sourceTree = "<group>"; };
		6C713B3A19ECB5E600A4FF6C /* PlayTableViewCell.swift */ = {isa = PBXFileReference; fileEncoding = 4; lastKnownFileType = sourcecode.swift; path = PlayTableViewCell.swift; sourceTree = "<group>"; };
		6C713B3E19ECB73B00A4FF6C /* PlayUITableViewController.swift */ = {isa = PBXFileReference; fileEncoding = 4; lastKnownFileType = sourcecode.swift; path = PlayUITableViewController.swift; sourceTree = "<group>"; };
		6C713B4019ECC3C900A4FF6C /* ItunesAPIController.swift */ = {isa = PBXFileReference; fileEncoding = 4; lastKnownFileType = sourcecode.swift; path = ItunesAPIController.swift; sourceTree = "<group>"; };
		6C713B4219ECD25100A4FF6C /* AlbumInfo.swift */ = {isa = PBXFileReference; fileEncoding = 4; lastKnownFileType = sourcecode.swift; path = AlbumInfo.swift; sourceTree = "<group>"; };
		6C713B4419ECD89600A4FF6C /* PlayItemViewController.swift */ = {isa = PBXFileReference; fileEncoding = 4; lastKnownFileType = sourcecode.swift; path = PlayItemViewController.swift; sourceTree = "<group>"; };
		6C713B4619ECE5D800A4FF6C /* AlbumTrack.swift */ = {isa = PBXFileReference; fileEncoding = 4; lastKnownFileType = sourcecode.swift; path = AlbumTrack.swift; sourceTree = "<group>"; };
		6CBC8F4219EDB3F400ED0C78 /* button-play.png */ = {isa = PBXFileReference; lastKnownFileType = image.png; path = "button-play.png"; sourceTree = "<group>"; };
		6CBC8F4319EDB3F400ED0C78 /* button-record.png */ = {isa = PBXFileReference; lastKnownFileType = image.png; path = "button-record.png"; sourceTree = "<group>"; };
		6CE8E7F41A21B70D0096AB65 /* BookInfo.swift */ = {isa = PBXFileReference; fileEncoding = 4; lastKnownFileType = sourcecode.swift; path = BookInfo.swift; sourceTree = "<group>"; };
/* End PBXFileReference section */

/* Begin PBXFrameworksBuildPhase section */
		6C713B1019ECB41000A4FF6C /* Frameworks */ = {
			isa = PBXFrameworksBuildPhase;
			buildActionMask = 2147483647;
			files = (
				6C7032221A2146F60086FC3D /* AudioToolbox.framework in Frameworks */,
				6C7032231A2146F60086FC3D /* CFNetwork.framework in Frameworks */,
				6C7032241A2146F60086FC3D /* CoreGraphics.framework in Frameworks */,
				6C7032251A2146F60086FC3D /* CoreLocation.framework in Frameworks */,
				6C7032261A2146F60086FC3D /* libz.dylib in Frameworks */,
				6C7032271A2146F60086FC3D /* MobileCoreServices.framework in Frameworks */,
				6C7032281A2146F60086FC3D /* QuartzCore.framework in Frameworks */,
				6C7032291A2146F60086FC3D /* Security.framework in Frameworks */,
				6C70322A1A2146F60086FC3D /* StoreKit.framework in Frameworks */,
				6C70322B1A2146F60086FC3D /* SystemConfiguration.framework in Frameworks */,
				6C7032151A2146960086FC3D /* Parse.framework in Frameworks */,
				6C7032141A2146960086FC3D /* Bolts.framework in Frameworks */,
				6C7032171A2146960086FC3D /* ParseUI.framework in Frameworks */,
				6C7032161A2146960086FC3D /* ParseFacebookUtils.framework in Frameworks */,
			);
			runOnlyForDeploymentPostprocessing = 0;
		};
		6C713B2719ECB41000A4FF6C /* Frameworks */ = {
			isa = PBXFrameworksBuildPhase;
			buildActionMask = 2147483647;
			files = (
			);
			runOnlyForDeploymentPostprocessing = 0;
		};
/* End PBXFrameworksBuildPhase section */

/* Begin PBXGroup section */
		6C70320F1A2146960086FC3D /* parse-library-1.5.0 */ = {
			isa = PBXGroup;
			children = (
				6C7032101A2146960086FC3D /* Bolts.framework */,
				6C7032111A2146960086FC3D /* Parse.framework */,
				6C7032121A2146960086FC3D /* ParseFacebookUtils.framework */,
				6C7032131A2146960086FC3D /* ParseUI.framework */,
			);
			path = "parse-library-1.5.0";
			sourceTree = "<group>";
		};
		6C713B0A19ECB41000A4FF6C = {
			isa = PBXGroup;
			children = (
				6C7032181A2146F60086FC3D /* AudioToolbox.framework */,
				6C7032191A2146F60086FC3D /* CFNetwork.framework */,
				6C70321A1A2146F60086FC3D /* CoreGraphics.framework */,
				6C70321B1A2146F60086FC3D /* CoreLocation.framework */,
				6C70321C1A2146F60086FC3D /* libz.dylib */,
				6C70321D1A2146F60086FC3D /* MobileCoreServices.framework */,
				6C70321E1A2146F60086FC3D /* QuartzCore.framework */,
				6C70321F1A2146F60086FC3D /* Security.framework */,
				6C7032201A2146F60086FC3D /* StoreKit.framework */,
				6C7032211A2146F60086FC3D /* SystemConfiguration.framework */,
				6C70320F1A2146960086FC3D /* parse-library-1.5.0 */,
				6C713B1519ECB41000A4FF6C /* ReDrawBook2 */,
				6C713B2D19ECB41000A4FF6C /* ReDrawBook2Tests */,
				6C713B1419ECB41000A4FF6C /* Products */,
				6C70322C1A21470D0086FC3D /* ReDrawBook2-Bridging-Header.h */,
			);
			sourceTree = "<group>";
		};
		6C713B1419ECB41000A4FF6C /* Products */ = {
			isa = PBXGroup;
			children = (
				6C713B1319ECB41000A4FF6C /* ReDrawBook2.app */,
				6C713B2A19ECB41000A4FF6C /* ReDrawBook2Tests.xctest */,
			);
			name = Products;
			sourceTree = "<group>";
		};
		6C713B1519ECB41000A4FF6C /* ReDrawBook2 */ = {
			isa = PBXGroup;
			children = (
				6CBC8F4619EDB41700ED0C78 /* res */,
				6C713B1819ECB41000A4FF6C /* AppDelegate.swift */,
				6C713B1E19ECB41000A4FF6C /* Main.storyboard */,
				6C3BF90419ED838C00EA8D33 /* RecordItemViewController.swift */,
				6C3BF90219ED770F00EA8D33 /* RecordUITableViewController.swift */,
				6C3BF90619ED86EE00EA8D33 /* RecordAlbumTableViewCell.swift */,
				6C3BF90019ED763D00EA8D33 /* RecordTableViewCell.swift */,
				6C713B4419ECD89600A4FF6C /* PlayItemViewController.swift */,
				6C713B3E19ECB73B00A4FF6C /* PlayUITableViewController.swift */,
				6C713B4019ECC3C900A4FF6C /* ItunesAPIController.swift */,
				6C713B3A19ECB5E600A4FF6C /* PlayTableViewCell.swift */,
				6C713B4619ECE5D800A4FF6C /* AlbumTrack.swift */,
				6C713B4219ECD25100A4FF6C /* AlbumInfo.swift */,
				6CE8E7F41A21B70D0096AB65 /* BookInfo.swift */,
				6C713B2119ECB41000A4FF6C /* Images.xcassets */,
				6C713B2319ECB41000A4FF6C /* LaunchScreen.xib */,
				6C713B1619ECB41000A4FF6C /* Supporting Files */,
			);
			path = ReDrawBook2;
			sourceTree = "<group>";
		};
		6C713B1619ECB41000A4FF6C /* Supporting Files */ = {
			isa = PBXGroup;
			children = (
				6C713B1719ECB41000A4FF6C /* Info.plist */,
			);
			name = "Supporting Files";
			sourceTree = "<group>";
		};
		6C713B2D19ECB41000A4FF6C /* ReDrawBook2Tests */ = {
			isa = PBXGroup;
			children = (
				6C713B3019ECB41000A4FF6C /* ReDrawBook2Tests.swift */,
				6C713B2E19ECB41000A4FF6C /* Supporting Files */,
			);
			path = ReDrawBook2Tests;
			sourceTree = "<group>";
		};
		6C713B2E19ECB41000A4FF6C /* Supporting Files */ = {
			isa = PBXGroup;
			children = (
				6C713B2F19ECB41000A4FF6C /* Info.plist */,
			);
			name = "Supporting Files";
			sourceTree = "<group>";
		};
		6CBC8F4619EDB41700ED0C78 /* res */ = {
			isa = PBXGroup;
			children = (
				6C70320D1A2145D80086FC3D /* bookThumbDefault.jpg */,
				6CBC8F4219EDB3F400ED0C78 /* button-play.png */,
				6CBC8F4319EDB3F400ED0C78 /* button-record.png */,
			);
			name = res;
			sourceTree = "<group>";
		};
/* End PBXGroup section */

/* Begin PBXNativeTarget section */
		6C713B1219ECB41000A4FF6C /* ReDrawBook2 */ = {
			isa = PBXNativeTarget;
			buildConfigurationList = 6C713B3419ECB41000A4FF6C /* Build configuration list for PBXNativeTarget "ReDrawBook2" */;
			buildPhases = (
				6C713B0F19ECB41000A4FF6C /* Sources */,
				6C713B1019ECB41000A4FF6C /* Frameworks */,
				6C713B1119ECB41000A4FF6C /* Resources */,
			);
			buildRules = (
			);
			dependencies = (
			);
			name = ReDrawBook2;
			productName = ReDrawBook2;
			productReference = 6C713B1319ECB41000A4FF6C /* ReDrawBook2.app */;
			productType = "com.apple.product-type.application";
		};
		6C713B2919ECB41000A4FF6C /* ReDrawBook2Tests */ = {
			isa = PBXNativeTarget;
			buildConfigurationList = 6C713B3719ECB41000A4FF6C /* Build configuration list for PBXNativeTarget "ReDrawBook2Tests" */;
			buildPhases = (
				6C713B2619ECB41000A4FF6C /* Sources */,
				6C713B2719ECB41000A4FF6C /* Frameworks */,
				6C713B2819ECB41000A4FF6C /* Resources */,
			);
			buildRules = (
			);
			dependencies = (
				6C713B2C19ECB41000A4FF6C /* PBXTargetDependency */,
			);
			name = ReDrawBook2Tests;
			productName = ReDrawBook2Tests;
			productReference = 6C713B2A19ECB41000A4FF6C /* ReDrawBook2Tests.xctest */;
			productType = "com.apple.product-type.bundle.unit-test";
		};
/* End PBXNativeTarget section */

/* Begin PBXProject section */
		6C713B0B19ECB41000A4FF6C /* Project object */ = {
			isa = PBXProject;
			attributes = {
				LastUpgradeCheck = 0600;
				ORGANIZATIONNAME = "Ding Xu";
				TargetAttributes = {
					6C713B1219ECB41000A4FF6C = {
						CreatedOnToolsVersion = 6.0.1;
						DevelopmentTeam = 9VUC3R8D65;
					};
					6C713B2919ECB41000A4FF6C = {
						CreatedOnToolsVersion = 6.0.1;
						TestTargetID = 6C713B1219ECB41000A4FF6C;
					};
				};
			};
			buildConfigurationList = 6C713B0E19ECB41000A4FF6C /* Build configuration list for PBXProject "ReDrawBook2" */;
			compatibilityVersion = "Xcode 3.2";
			developmentRegion = English;
			hasScannedForEncodings = 0;
			knownRegions = (
				en,
				Base,
			);
			mainGroup = 6C713B0A19ECB41000A4FF6C;
			productRefGroup = 6C713B1419ECB41000A4FF6C /* Products */;
			projectDirPath = "";
			projectRoot = "";
			targets = (
				6C713B1219ECB41000A4FF6C /* ReDrawBook2 */,
				6C713B2919ECB41000A4FF6C /* ReDrawBook2Tests */,
			);
		};
/* End PBXProject section */

/* Begin PBXResourcesBuildPhase section */
		6C713B1119ECB41000A4FF6C /* Resources */ = {
			isa = PBXResourcesBuildPhase;
			buildActionMask = 2147483647;
			files = (
				6CBC8F4519EDB3F400ED0C78 /* button-record.png in Resources */,
				6C713B2019ECB41000A4FF6C /* Main.storyboard in Resources */,
				6CBC8F4419EDB3F400ED0C78 /* button-play.png in Resources */,
				6C70320E1A2145D80086FC3D /* bookThumbDefault.jpg in Resources */,
				6C713B2519ECB41000A4FF6C /* LaunchScreen.xib in Resources */,
				6C713B2219ECB41000A4FF6C /* Images.xcassets in Resources */,
			);
			runOnlyForDeploymentPostprocessing = 0;
		};
		6C713B2819ECB41000A4FF6C /* Resources */ = {
			isa = PBXResourcesBuildPhase;
			buildActionMask = 2147483647;
			files = (
			);
			runOnlyForDeploymentPostprocessing = 0;
		};
/* End PBXResourcesBuildPhase section */

/* Begin PBXSourcesBuildPhase section */
		6C713B0F19ECB41000A4FF6C /* Sources */ = {
			isa = PBXSourcesBuildPhase;
			buildActionMask = 2147483647;
			files = (
				6CE8E7F51A21B70D0096AB65 /* BookInfo.swift in Sources */,
				6C713B3F19ECB73B00A4FF6C /* PlayUITableViewController.swift in Sources */,
				6C713B1919ECB41000A4FF6C /* AppDelegate.swift in Sources */,
				6C713B4119ECC3C900A4FF6C /* ItunesAPIController.swift in Sources */,
				6C713B3B19ECB5E600A4FF6C /* PlayTableViewCell.swift in Sources */,
				6C713B4319ECD25100A4FF6C /* AlbumInfo.swift in Sources */,
				6C713B4719ECE5D800A4FF6C /* AlbumTrack.swift in Sources */,
				6C3BF90719ED86EE00EA8D33 /* RecordAlbumTableViewCell.swift in Sources */,
				6C3BF90519ED838C00EA8D33 /* RecordItemViewController.swift in Sources */,
				6C3BF90319ED770F00EA8D33 /* RecordUITableViewController.swift in Sources */,
				6C3BF90119ED763D00EA8D33 /* RecordTableViewCell.swift in Sources */,
				6C713B4519ECD89600A4FF6C /* PlayItemViewController.swift in Sources */,
			);
			runOnlyForDeploymentPostprocessing = 0;
		};
		6C713B2619ECB41000A4FF6C /* Sources */ = {
			isa = PBXSourcesBuildPhase;
			buildActionMask = 2147483647;
			files = (
				6C713B3119ECB41000A4FF6C /* ReDrawBook2Tests.swift in Sources */,
			);
			runOnlyForDeploymentPostprocessing = 0;
		};
/* End PBXSourcesBuildPhase section */

/* Begin PBXTargetDependency section */
		6C713B2C19ECB41000A4FF6C /* PBXTargetDependency */ = {
			isa = PBXTargetDependency;
			target = 6C713B1219ECB41000A4FF6C /* ReDrawBook2 */;
			targetProxy = 6C713B2B19ECB41000A4FF6C /* PBXContainerItemProxy */;
		};
/* End PBXTargetDependency section */

/* Begin PBXVariantGroup section */
		6C713B1E19ECB41000A4FF6C /* Main.storyboard */ = {
			isa = PBXVariantGroup;
			children = (
				6C713B1F19ECB41000A4FF6C /* Base */,
			);
			name = Main.storyboard;
			sourceTree = "<group>";
		};
		6C713B2319ECB41000A4FF6C /* LaunchScreen.xib */ = {
			isa = PBXVariantGroup;
			children = (
				6C713B2419ECB41000A4FF6C /* Base */,
			);
			name = LaunchScreen.xib;
			sourceTree = "<group>";
		};
/* End PBXVariantGroup section */

/* Begin XCBuildConfiguration section */
		6C713B3219ECB41000A4FF6C /* Debug */ = {
			isa = XCBuildConfiguration;
			buildSettings = {
				ALWAYS_SEARCH_USER_PATHS = NO;
				CLANG_CXX_LANGUAGE_STANDARD = "gnu++0x";
				CLANG_CXX_LIBRARY = "libc++";
				CLANG_ENABLE_MODULES = YES;
				CLANG_ENABLE_OBJC_ARC = YES;
				CLANG_WARN_BOOL_CONVERSION = YES;
				CLANG_WARN_CONSTANT_CONVERSION = YES;
				CLANG_WARN_DIRECT_OBJC_ISA_USAGE = YES_ERROR;
				CLANG_WARN_EMPTY_BODY = YES;
				CLANG_WARN_ENUM_CONVERSION = YES;
				CLANG_WARN_INT_CONVERSION = YES;
				CLANG_WARN_OBJC_ROOT_CLASS = YES_ERROR;
				CLANG_WARN_UNREACHABLE_CODE = YES;
				CLANG_WARN__DUPLICATE_METHOD_MATCH = YES;
				"CODE_SIGN_IDENTITY[sdk=iphoneos*]" = "iPhone Developer";
				COPY_PHASE_STRIP = NO;
				ENABLE_STRICT_OBJC_MSGSEND = YES;
				GCC_C_LANGUAGE_STANDARD = gnu99;
				GCC_DYNAMIC_NO_PIC = NO;
				GCC_OPTIMIZATION_LEVEL = 0;
				GCC_PREPROCESSOR_DEFINITIONS = (
					"DEBUG=1",
					"$(inherited)",
				);
				GCC_SYMBOLS_PRIVATE_EXTERN = NO;
				GCC_WARN_64_TO_32_BIT_CONVERSION = YES;
				GCC_WARN_ABOUT_RETURN_TYPE = YES_ERROR;
				GCC_WARN_UNDECLARED_SELECTOR = YES;
				GCC_WARN_UNINITIALIZED_AUTOS = YES_AGGRESSIVE;
				GCC_WARN_UNUSED_FUNCTION = YES;
				GCC_WARN_UNUSED_VARIABLE = YES;
				IPHONEOS_DEPLOYMENT_TARGET = 8.0;
				MTL_ENABLE_DEBUG_INFO = YES;
				ONLY_ACTIVE_ARCH = YES;
				SDKROOT = iphoneos;
				SWIFT_OPTIMIZATION_LEVEL = "-Onone";
			};
			name = Debug;
		};
		6C713B3319ECB41000A4FF6C /* Release */ = {
			isa = XCBuildConfiguration;
			buildSettings = {
				ALWAYS_SEARCH_USER_PATHS = NO;
				CLANG_CXX_LANGUAGE_STANDARD = "gnu++0x";
				CLANG_CXX_LIBRARY = "libc++";
				CLANG_ENABLE_MODULES = YES;
				CLANG_ENABLE_OBJC_ARC = YES;
				CLANG_WARN_BOOL_CONVERSION = YES;
				CLANG_WARN_CONSTANT_CONVERSION = YES;
				CLANG_WARN_DIRECT_OBJC_ISA_USAGE = YES_ERROR;
				CLANG_WARN_EMPTY_BODY = YES;
				CLANG_WARN_ENUM_CONVERSION = YES;
				CLANG_WARN_INT_CONVERSION = YES;
				CLANG_WARN_OBJC_ROOT_CLASS = YES_ERROR;
				CLANG_WARN_UNREACHABLE_CODE = YES;
				CLANG_WARN__DUPLICATE_METHOD_MATCH = YES;
				"CODE_SIGN_IDENTITY[sdk=iphoneos*]" = "iPhone Developer";
				COPY_PHASE_STRIP = YES;
				ENABLE_NS_ASSERTIONS = NO;
				ENABLE_STRICT_OBJC_MSGSEND = YES;
				GCC_C_LANGUAGE_STANDARD = gnu99;
				GCC_WARN_64_TO_32_BIT_CONVERSION = YES;
				GCC_WARN_ABOUT_RETURN_TYPE = YES_ERROR;
				GCC_WARN_UNDECLARED_SELECTOR = YES;
				GCC_WARN_UNINITIALIZED_AUTOS = YES_AGGRESSIVE;
				GCC_WARN_UNUSED_FUNCTION = YES;
				GCC_WARN_UNUSED_VARIABLE = YES;
				IPHONEOS_DEPLOYMENT_TARGET = 8.0;
				MTL_ENABLE_DEBUG_INFO = NO;
				SDKROOT = iphoneos;
				VALIDATE_PRODUCT = YES;
			};
			name = Release;
		};
		6C713B3519ECB41000A4FF6C /* Debug */ = {
			isa = XCBuildConfiguration;
			buildSettings = {
				ASSETCATALOG_COMPILER_APPICON_NAME = AppIcon;
				CLANG_ENABLE_MODULES = YES;
				CODE_SIGN_IDENTITY = "iPhone Developer";
				"CODE_SIGN_IDENTITY[sdk=iphoneos*]" = "iPhone Developer";
				FRAMEWORK_SEARCH_PATHS = (
					"$(inherited)",
					"$(PROJECT_DIR)/parse-library-1.5.0",
				);
				INFOPLIST_FILE = ReDrawBook2/Info.plist;
				LD_RUNPATH_SEARCH_PATHS = "$(inherited) @executable_path/Frameworks";
				PRODUCT_NAME = "$(TARGET_NAME)";
				PROVISIONING_PROFILE = "";
				SWIFT_OBJC_BRIDGING_HEADER = "ReDrawBook2-Bridging-Header.h";
				SWIFT_OPTIMIZATION_LEVEL = "-Onone";
			};
			name = Debug;
		};
		6C713B3619ECB41000A4FF6C /* Release */ = {
			isa = XCBuildConfiguration;
			buildSettings = {
				ASSETCATALOG_COMPILER_APPICON_NAME = AppIcon;
				CLANG_ENABLE_MODULES = YES;
				CODE_SIGN_IDENTITY = "iPhone Developer";
				"CODE_SIGN_IDENTITY[sdk=iphoneos*]" = "iPhone Developer";
				FRAMEWORK_SEARCH_PATHS = (
					"$(inherited)",
					"$(PROJECT_DIR)/parse-library-1.5.0",
				);
				INFOPLIST_FILE = ReDrawBook2/Info.plist;
				LD_RUNPATH_SEARCH_PATHS = "$(inherited) @executable_path/Frameworks";
				PRODUCT_NAME = "$(TARGET_NAME)";
				PROVISIONING_PROFILE = "";
				SWIFT_OBJC_BRIDGING_HEADER = "ReDrawBook2-Bridging-Header.h";
			};
			name = Release;
		};
		6C713B3819ECB41000A4FF6C /* Debug */ = {
			isa = XCBuildConfiguration;
			buildSettings = {
				BUNDLE_LOADER = "$(TEST_HOST)";
				FRAMEWORK_SEARCH_PATHS = (
					"$(SDKROOT)/Developer/Library/Frameworks",
					"$(inherited)",
				);
				GCC_PREPROCESSOR_DEFINITIONS = (
					"DEBUG=1",
					"$(inherited)",
				);
				INFOPLIST_FILE = ReDrawBook2Tests/Info.plist;
				LD_RUNPATH_SEARCH_PATHS = "$(inherited) @executable_path/Frameworks @loader_path/Frameworks";
				PRODUCT_NAME = "$(TARGET_NAME)";
				TEST_HOST = "$(BUILT_PRODUCTS_DIR)/ReDrawBook2.app/ReDrawBook2";
			};
			name = Debug;
		};
		6C713B3919ECB41000A4FF6C /* Release */ = {
			isa = XCBuildConfiguration;
			buildSettings = {
				BUNDLE_LOADER = "$(TEST_HOST)";
				FRAMEWORK_SEARCH_PATHS = (
					"$(SDKROOT)/Developer/Library/Frameworks",
					"$(inherited)",
				);
				INFOPLIST_FILE = ReDrawBook2Tests/Info.plist;
				LD_RUNPATH_SEARCH_PATHS = "$(inherited) @executable_path/Frameworks @loader_path/Frameworks";
				PRODUCT_NAME = "$(TARGET_NAME)";
				TEST_HOST = "$(BUILT_PRODUCTS_DIR)/ReDrawBook2.app/ReDrawBook2";
			};
			name = Release;
		};
/* End XCBuildConfiguration section */

/* Begin XCConfigurationList section */
		6C713B0E19ECB41000A4FF6C /* Build configuration list for PBXProject "ReDrawBook2" */ = {
			isa = XCConfigurationList;
			buildConfigurations = (
				6C713B3219ECB41000A4FF6C /* Debug */,
				6C713B3319ECB41000A4FF6C /* Release */,
			);
			defaultConfigurationIsVisible = 0;
			defaultConfigurationName = Release;
		};
		6C713B3419ECB41000A4FF6C /* Build configuration list for PBXNativeTarget "ReDrawBook2" */ = {
			isa = XCConfigurationList;
			buildConfigurations = (
				6C713B3519ECB41000A4FF6C /* Debug */,
				6C713B3619ECB41000A4FF6C /* Release */,
			);
			defaultConfigurationIsVisible = 0;
			defaultConfigurationName = Release;
		};
		6C713B3719ECB41000A4FF6C /* Build configuration list for PBXNativeTarget "ReDrawBook2Tests" */ = {
			isa = XCConfigurationList;
			buildConfigurations = (
				6C713B3819ECB41000A4FF6C /* Debug */,
				6C713B3919ECB41000A4FF6C /* Release */,
			);
			defaultConfigurationIsVisible = 0;
			defaultConfigurationName = Release;
		};
/* End XCConfigurationList section */
	};
	rootObject = 6C713B0B19ECB41000A4FF6C /* Project object */;
}
